// !$*UTF8*$!
{
	archiveVersion = 1;
	classes = {
	};
	objectVersion = 55;
	objects = {

/* Begin PBXBuildFile section */
		153F8CAB2854D3E80025FCF7 /* HomePageViewController.swift in Sources */ = {isa = PBXBuildFile; fileRef = 153F8CAA2854D3E80025FCF7 /* HomePageViewController.swift */; };
		15D2CD602844CC37004306DB /* AppDelegate.swift in Sources */ = {isa = PBXBuildFile; fileRef = 15D2CD5F2844CC37004306DB /* AppDelegate.swift */; };
		15D2CD622844CC37004306DB /* SceneDelegate.swift in Sources */ = {isa = PBXBuildFile; fileRef = 15D2CD612844CC37004306DB /* SceneDelegate.swift */; };
		15D2CD642844CC37004306DB /* LoginViewController.swift in Sources */ = {isa = PBXBuildFile; fileRef = 15D2CD632844CC37004306DB /* LoginViewController.swift */; };
		15D2CD672844CC37004306DB /* Main.storyboard in Resources */ = {isa = PBXBuildFile; fileRef = 15D2CD652844CC37004306DB /* Main.storyboard */; };
		15D2CD692844CC37004306DB /* Assets.xcassets in Resources */ = {isa = PBXBuildFile; fileRef = 15D2CD682844CC37004306DB /* Assets.xcassets */; };
		15D2CD6C2844CC37004306DB /* LaunchScreen.storyboard in Resources */ = {isa = PBXBuildFile; fileRef = 15D2CD6A2844CC37004306DB /* LaunchScreen.storyboard */; };
		15D2CD772844D0DB004306DB /* GoogleService-Info.plist in Resources */ = {isa = PBXBuildFile; fileRef = 15D2CD762844D0DB004306DB /* GoogleService-Info.plist */; };
		15D2CD7A2844D24F004306DB /* FirebaseAuth in Frameworks */ = {isa = PBXBuildFile; productRef = 15D2CD792844D24F004306DB /* FirebaseAuth */; };
		15D2CD7C2844D24F004306DB /* FirebaseDatabase in Frameworks */ = {isa = PBXBuildFile; productRef = 15D2CD7B2844D24F004306DB /* FirebaseDatabase */; };
		15D2CD7F2844F1C1004306DB /* UserModel.swift in Sources */ = {isa = PBXBuildFile; fileRef = 15D2CD7E2844F1C1004306DB /* UserModel.swift */; };
/* End PBXBuildFile section */

/* Begin PBXFileReference section */
		153F8CAA2854D3E80025FCF7 /* HomePageViewController.swift */ = {isa = PBXFileReference; lastKnownFileType = sourcecode.swift; path = HomePageViewController.swift; sourceTree = "<group>"; };
		15D2CD5C2844CC37004306DB /* Diploma.app */ = {isa = PBXFileReference; explicitFileType = wrapper.application; includeInIndex = 0; path = Diploma.app; sourceTree = BUILT_PRODUCTS_DIR; };
		15D2CD5F2844CC37004306DB /* AppDelegate.swift */ = {isa = PBXFileReference; lastKnownFileType = sourcecode.swift; path = AppDelegate.swift; sourceTree = "<group>"; };
		15D2CD612844CC37004306DB /* SceneDelegate.swift */ = {isa = PBXFileReference; lastKnownFileType = sourcecode.swift; path = SceneDelegate.swift; sourceTree = "<group>"; };
		15D2CD632844CC37004306DB /* LoginViewController.swift */ = {isa = PBXFileReference; lastKnownFileType = sourcecode.swift; path = LoginViewController.swift; sourceTree = "<group>"; };
		15D2CD662844CC37004306DB /* Base */ = {isa = PBXFileReference; lastKnownFileType = file.storyboard; name = Base; path = Base.lproj/Main.storyboard; sourceTree = "<group>"; };
		15D2CD682844CC37004306DB /* Assets.xcassets */ = {isa = PBXFileReference; lastKnownFileType = folder.assetcatalog; path = Assets.xcassets; sourceTree = "<group>"; };
		15D2CD6B2844CC37004306DB /* Base */ = {isa = PBXFileReference; lastKnownFileType = file.storyboard; name = Base; path = Base.lproj/LaunchScreen.storyboard; sourceTree = "<group>"; };
		15D2CD6D2844CC37004306DB /* Info.plist */ = {isa = PBXFileReference; lastKnownFileType = text.plist.xml; path = Info.plist; sourceTree = "<group>"; };
		15D2CD762844D0DB004306DB /* GoogleService-Info.plist */ = {isa = PBXFileReference; fileEncoding = 4; lastKnownFileType = text.plist.xml; path = "GoogleService-Info.plist"; sourceTree = "<group>"; };
		15D2CD7E2844F1C1004306DB /* UserModel.swift */ = {isa = PBXFileReference; lastKnownFileType = sourcecode.swift; path = UserModel.swift; sourceTree = "<group>"; };
/* End PBXFileReference section */

/* Begin PBXFrameworksBuildPhase section */
		15D2CD592844CC37004306DB /* Frameworks */ = {
			isa = PBXFrameworksBuildPhase;
			buildActionMask = 2147483647;
			files = (
				15D2CD7C2844D24F004306DB /* FirebaseDatabase in Frameworks */,
				15D2CD7A2844D24F004306DB /* FirebaseAuth in Frameworks */,
			);
			runOnlyForDeploymentPostprocessing = 0;
		};
/* End PBXFrameworksBuildPhase section */

/* Begin PBXGroup section */
		15D2CD532844CC37004306DB = {
			isa = PBXGroup;
			children = (
				15D2CD5E2844CC37004306DB /* Diploma */,
				15D2CD5D2844CC37004306DB /* Products */,
			);
			sourceTree = "<group>";
		};
		15D2CD5D2844CC37004306DB /* Products */ = {
			isa = PBXGroup;
			children = (
				15D2CD5C2844CC37004306DB /* Diploma.app */,
			);
			name = Products;
			sourceTree = "<group>";
		};
		15D2CD5E2844CC37004306DB /* Diploma */ = {
			isa = PBXGroup;
			children = (
				15D2CD7D2844F1AA004306DB /* Models */,
				15D2CD742844CC88004306DB /* App */,
				15D2CD752844CC98004306DB /* Controllers */,
				15D2CD732844CC7D004306DB /* Views */,
				15D2CD682844CC37004306DB /* Assets.xcassets */,
				15D2CD6D2844CC37004306DB /* Info.plist */,
				15D2CD762844D0DB004306DB /* GoogleService-Info.plist */,
			);
			path = Diploma;
			sourceTree = "<group>";
		};
		15D2CD732844CC7D004306DB /* Views */ = {
			isa = PBXGroup;
			children = (
				15D2CD6A2844CC37004306DB /* LaunchScreen.storyboard */,
				15D2CD652844CC37004306DB /* Main.storyboard */,
			);
			path = Views;
			sourceTree = "<group>";
		};
		15D2CD742844CC88004306DB /* App */ = {
			isa = PBXGroup;
			children = (
				15D2CD5F2844CC37004306DB /* AppDelegate.swift */,
				15D2CD612844CC37004306DB /* SceneDelegate.swift */,
			);
			path = App;
			sourceTree = "<group>";
		};
		15D2CD752844CC98004306DB /* Controllers */ = {
			isa = PBXGroup;
			children = (
				15D2CD632844CC37004306DB /* LoginViewController.swift */,
				153F8CAA2854D3E80025FCF7 /* HomePageViewController.swift */,
			);
			path = Controllers;
			sourceTree = "<group>";
		};
		15D2CD7D2844F1AA004306DB /* Models */ = {
			isa = PBXGroup;
			children = (
				15D2CD7E2844F1C1004306DB /* UserModel.swift */,
			);
			path = Models;
			sourceTree = "<group>";
		};
/* End PBXGroup section */

/* Begin PBXNativeTarget section */
		15D2CD5B2844CC37004306DB /* Diploma */ = {
			isa = PBXNativeTarget;
			buildConfigurationList = 15D2CD702844CC37004306DB /* Build configuration list for PBXNativeTarget "Diploma" */;
			buildPhases = (
				15D2CD582844CC37004306DB /* Sources */,
				15D2CD592844CC37004306DB /* Frameworks */,
				15D2CD5A2844CC37004306DB /* Resources */,
			);
			buildRules = (
			);
			dependencies = (
			);
			name = Diploma;
			packageProductDependencies = (
				15D2CD792844D24F004306DB /* FirebaseAuth */,
				15D2CD7B2844D24F004306DB /* FirebaseDatabase */,
			);
			productName = Diploma;
			productReference = 15D2CD5C2844CC37004306DB /* Diploma.app */;
			productType = "com.apple.product-type.application";
		};
/* End PBXNativeTarget section */

/* Begin PBXProject section */
		15D2CD542844CC37004306DB /* Project object */ = {
			isa = PBXProject;
			attributes = {
				BuildIndependentTargetsInParallel = 1;
				LastSwiftUpdateCheck = 1340;
				LastUpgradeCheck = 1340;
				TargetAttributes = {
					15D2CD5B2844CC37004306DB = {
						CreatedOnToolsVersion = 13.4;
					};
				};
			};
			buildConfigurationList = 15D2CD572844CC37004306DB /* Build configuration list for PBXProject "Diploma" */;
			compatibilityVersion = "Xcode 13.0";
			developmentRegion = en;
			hasScannedForEncodings = 0;
			knownRegions = (
				en,
				Base,
			);
			mainGroup = 15D2CD532844CC37004306DB;
			packageReferences = (
				15D2CD782844D24F004306DB /* XCRemoteSwiftPackageReference "firebase-ios-sdk" */,
			);
			productRefGroup = 15D2CD5D2844CC37004306DB /* Products */;
			projectDirPath = "";
			projectRoot = "";
			targets = (
				15D2CD5B2844CC37004306DB /* Diploma */,
			);
		};
/* End PBXProject section */

/* Begin PBXResourcesBuildPhase section */
		15D2CD5A2844CC37004306DB /* Resources */ = {
			isa = PBXResourcesBuildPhase;
			buildActionMask = 2147483647;
			files = (
				15D2CD6C2844CC37004306DB /* LaunchScreen.storyboard in Resources */,
				15D2CD772844D0DB004306DB /* GoogleService-Info.plist in Resources */,
				15D2CD692844CC37004306DB /* Assets.xcassets in Resources */,
				15D2CD672844CC37004306DB /* Main.storyboard in Resources */,
			);
			runOnlyForDeploymentPostprocessing = 0;
		};
/* End PBXResourcesBuildPhase section */

/* Begin PBXSourcesBuildPhase section */
		15D2CD582844CC37004306DB /* Sources */ = {
			isa = PBXSourcesBuildPhase;
			buildActionMask = 2147483647;
			files = (
				15D2CD642844CC37004306DB /* LoginViewController.swift in Sources */,
				15D2CD602844CC37004306DB /* AppDelegate.swift in Sources */,
				15D2CD7F2844F1C1004306DB /* UserModel.swift in Sources */,
				153F8CAB2854D3E80025FCF7 /* HomePageViewController.swift in Sources */,
				15D2CD622844CC37004306DB /* SceneDelegate.swift in Sources */,
			);
			runOnlyForDeploymentPostprocessing = 0;
		};
/* End PBXSourcesBuildPhase section */

/* Begin PBXVariantGroup section */
		15D2CD652844CC37004306DB /* Main.storyboard */ = {
			isa = PBXVariantGroup;
			children = (
				15D2CD662844CC37004306DB /* Base */,
			);
			name = Main.storyboard;
			sourceTree = "<group>";
		};
		15D2CD6A2844CC37004306DB /* LaunchScreen.storyboard */ = {
			isa = PBXVariantGroup;
			children = (
				15D2CD6B2844CC37004306DB /* Base */,
			);
			name = LaunchScreen.storyboard;
			sourceTree = "<group>";
		};
/* End PBXVariantGroup section */

/* Begin XCBuildConfiguration section */
		15D2CD6E2844CC37004306DB /* Debug */ = {
			isa = XCBuildConfiguration;
			buildSettings = {
				ALWAYS_SEARCH_USER_PATHS = NO;
				CLANG_ANALYZER_NONNULL = YES;
				CLANG_ANALYZER_NUMBER_OBJECT_CONVERSION = YES_AGGRESSIVE;
				CLANG_CXX_LANGUAGE_STANDARD = "gnu++17";
				CLANG_ENABLE_MODULES = YES;
				CLANG_ENABLE_OBJC_ARC = YES;
				CLANG_ENABLE_OBJC_WEAK = YES;
				CLANG_WARN_BLOCK_CAPTURE_AUTORELEASING = YES;
				CLANG_WARN_BOOL_CONVERSION = YES;
				CLANG_WARN_COMMA = YES;
				CLANG_WARN_CONSTANT_CONVERSION = YES;
				CLANG_WARN_DEPRECATED_OBJC_IMPLEMENTATIONS = YES;
				CLANG_WARN_DIRECT_OBJC_ISA_USAGE = YES_ERROR;
				CLANG_WARN_DOCUMENTATION_COMMENTS = YES;
				CLANG_WARN_EMPTY_BODY = YES;
				CLANG_WARN_ENUM_CONVERSION = YES;
				CLANG_WARN_INFINITE_RECURSION = YES;
				CLANG_WARN_INT_CONVERSION = YES;
				CLANG_WARN_NON_LITERAL_NULL_CONVERSION = YES;
				CLANG_WARN_OBJC_IMPLICIT_RETAIN_SELF = YES;
				CLANG_WARN_OBJC_LITERAL_CONVERSION = YES;
				CLANG_WARN_OBJC_ROOT_CLASS = YES_ERROR;
				CLANG_WARN_QUOTED_INCLUDE_IN_FRAMEWORK_HEADER = YES;
				CLANG_WARN_RANGE_LOOP_ANALYSIS = YES;
				CLANG_WARN_STRICT_PROTOTYPES = YES;
				CLANG_WARN_SUSPICIOUS_MOVE = YES;
				CLANG_WARN_UNGUARDED_AVAILABILITY = YES_AGGRESSIVE;
				CLANG_WARN_UNREACHABLE_CODE = YES;
				CLANG_WARN__DUPLICATE_METHOD_MATCH = YES;
				COPY_PHASE_STRIP = NO;
				DEBUG_INFORMATION_FORMAT = dwarf;
				ENABLE_STRICT_OBJC_MSGSEND = YES;
				ENABLE_TESTABILITY = YES;
				GCC_C_LANGUAGE_STANDARD = gnu11;
				GCC_DYNAMIC_NO_PIC = NO;
				GCC_NO_COMMON_BLOCKS = YES;
				GCC_OPTIMIZATION_LEVEL = 0;
				GCC_PREPROCESSOR_DEFINITIONS = (
					"DEBUG=1",
					"$(inherited)",
				);
				GCC_WARN_64_TO_32_BIT_CONVERSION = YES;
				GCC_WARN_ABOUT_RETURN_TYPE = YES_ERROR;
				GCC_WARN_UNDECLARED_SELECTOR = YES;
				GCC_WARN_UNINITIALIZED_AUTOS = YES_AGGRESSIVE;
				GCC_WARN_UNUSED_FUNCTION = YES;
				GCC_WARN_UNUSED_VARIABLE = YES;
				IPHONEOS_DEPLOYMENT_TARGET = 15.5;
				MTL_ENABLE_DEBUG_INFO = INCLUDE_SOURCE;
				MTL_FAST_MATH = YES;
				ONLY_ACTIVE_ARCH = YES;
				SDKROOT = iphoneos;
				SWIFT_ACTIVE_COMPILATION_CONDITIONS = DEBUG;
				SWIFT_OPTIMIZATION_LEVEL = "-Onone";
			};
			name = Debug;
		};
		15D2CD6F2844CC37004306DB /* Release */ = {
			isa = XCBuildConfiguration;
			buildSettings = {
				ALWAYS_SEARCH_USER_PATHS = NO;
				CLANG_ANALYZER_NONNULL = YES;
				CLANG_ANALYZER_NUMBER_OBJECT_CONVERSION = YES_AGGRESSIVE;
				CLANG_CXX_LANGUAGE_STANDARD = "gnu++17";
				CLANG_ENABLE_MODULES = YES;
				CLANG_ENABLE_OBJC_ARC = YES;
				CLANG_ENABLE_OBJC_WEAK = YES;
				CLANG_WARN_BLOCK_CAPTURE_AUTORELEASING = YES;
				CLANG_WARN_BOOL_CONVERSION = YES;
				CLANG_WARN_COMMA = YES;
				CLANG_WARN_CONSTANT_CONVERSION = YES;
				CLANG_WARN_DEPRECATED_OBJC_IMPLEMENTATIONS = YES;
				CLANG_WARN_DIRECT_OBJC_ISA_USAGE = YES_ERROR;
				CLANG_WARN_DOCUMENTATION_COMMENTS = YES;
				CLANG_WARN_EMPTY_BODY = YES;
				CLANG_WARN_ENUM_CONVERSION = YES;
				CLANG_WARN_INFINITE_RECURSION = YES;
				CLANG_WARN_INT_CONVERSION = YES;
				CLANG_WARN_NON_LITERAL_NULL_CONVERSION = YES;
				CLANG_WARN_OBJC_IMPLICIT_RETAIN_SELF = YES;
				CLANG_WARN_OBJC_LITERAL_CONVERSION = YES;
				CLANG_WARN_OBJC_ROOT_CLASS = YES_ERROR;
				CLANG_WARN_QUOTED_INCLUDE_IN_FRAMEWORK_HEADER = YES;
				CLANG_WARN_RANGE_LOOP_ANALYSIS = YES;
				CLANG_WARN_STRICT_PROTOTYPES = YES;
				CLANG_WARN_SUSPICIOUS_MOVE = YES;
				CLANG_WARN_UNGUARDED_AVAILABILITY = YES_AGGRESSIVE;
				CLANG_WARN_UNREACHABLE_CODE = YES;
				CLANG_WARN__DUPLICATE_METHOD_MATCH = YES;
				COPY_PHASE_STRIP = NO;
				DEBUG_INFORMATION_FORMAT = "dwarf-with-dsym";
				ENABLE_NS_ASSERTIONS = NO;
				ENABLE_STRICT_OBJC_MSGSEND = YES;
				GCC_C_LANGUAGE_STANDARD = gnu11;
				GCC_NO_COMMON_BLOCKS = YES;
				GCC_WARN_64_TO_32_BIT_CONVERSION = YES;
				GCC_WARN_ABOUT_RETURN_TYPE = YES_ERROR;
				GCC_WARN_UNDECLARED_SELECTOR = YES;
				GCC_WARN_UNINITIALIZED_AUTOS = YES_AGGRESSIVE;
				GCC_WARN_UNUSED_FUNCTION = YES;
				GCC_WARN_UNUSED_VARIABLE = YES;
				IPHONEOS_DEPLOYMENT_TARGET = 15.5;
				MTL_ENABLE_DEBUG_INFO = NO;
				MTL_FAST_MATH = YES;
				SDKROOT = iphoneos;
				SWIFT_COMPILATION_MODE = wholemodule;
				SWIFT_OPTIMIZATION_LEVEL = "-O";
				VALIDATE_PRODUCT = YES;
			};
			name = Release;
		};
		15D2CD712844CC37004306DB /* Debug */ = {
			isa = XCBuildConfiguration;
			buildSettings = {
				ASSETCATALOG_COMPILER_APPICON_NAME = AppIcon;
				ASSETCATALOG_COMPILER_GLOBAL_ACCENT_COLOR_NAME = AccentColor;
				CODE_SIGN_STYLE = Automatic;
				CURRENT_PROJECT_VERSION = 1;
				DEVELOPMENT_TEAM = 9S5RJV32W9;
				GENERATE_INFOPLIST_FILE = YES;
				INFOPLIST_FILE = Diploma/Info.plist;
				INFOPLIST_KEY_UIApplicationSupportsIndirectInputEvents = YES;
				INFOPLIST_KEY_UILaunchStoryboardName = LaunchScreen;
				INFOPLIST_KEY_UIMainStoryboardFile = Main;
				INFOPLIST_KEY_UISupportedInterfaceOrientations_iPad = "UIInterfaceOrientationPortrait UIInterfaceOrientationPortraitUpsideDown UIInterfaceOrientationLandscapeLeft UIInterfaceOrientationLandscapeRight";
				INFOPLIST_KEY_UISupportedInterfaceOrientations_iPhone = "UIInterfaceOrientationPortrait UIInterfaceOrientationLandscapeLeft UIInterfaceOrientationLandscapeRight";
				LD_RUNPATH_SEARCH_PATHS = (
					"$(inherited)",
					"@executable_path/Frameworks",
				);
				MARKETING_VERSION = 1.0;
				PRODUCT_BUNDLE_IDENTIFIER = romanMAC.Diploma;
				PRODUCT_NAME = "$(TARGET_NAME)";
				SWIFT_EMIT_LOC_STRINGS = YES;
				SWIFT_VERSION = 5.0;
				TARGETED_DEVICE_FAMILY = "1,2";
			};
			name = Debug;
		};
		15D2CD722844CC37004306DB /* Release */ = {
			isa = XCBuildConfiguration;
			buildSettings = {
				ASSETCATALOG_COMPILER_APPICON_NAME = AppIcon;
				ASSETCATALOG_COMPILER_GLOBAL_ACCENT_COLOR_NAME = AccentColor;
				CODE_SIGN_STYLE = Automatic;
				CURRENT_PROJECT_VERSION = 1;
				DEVELOPMENT_TEAM = 9S5RJV32W9;
				GENERATE_INFOPLIST_FILE = YES;
				INFOPLIST_FILE = Diploma/Info.plist;
				INFOPLIST_KEY_UIApplicationSupportsIndirectInputEvents = YES;
				INFOPLIST_KEY_UILaunchStoryboardName = LaunchScreen;
				INFOPLIST_KEY_UIMainStoryboardFile = Main;
				INFOPLIST_KEY_UISupportedInterfaceOrientations_iPad = "UIInterfaceOrientationPortrait UIInterfaceOrientationPortraitUpsideDown UIInterfaceOrientationLandscapeLeft UIInterfaceOrientationLandscapeRight";
				INFOPLIST_KEY_UISupportedInterfaceOrientations_iPhone = "UIInterfaceOrientationPortrait UIInterfaceOrientationLandscapeLeft UIInterfaceOrientationLandscapeRight";
				LD_RUNPATH_SEARCH_PATHS = (
					"$(inherited)",
					"@executable_path/Frameworks",
				);
				MARKETING_VERSION = 1.0;
				PRODUCT_BUNDLE_IDENTIFIER = romanMAC.Diploma;
				PRODUCT_NAME = "$(TARGET_NAME)";
				SWIFT_EMIT_LOC_STRINGS = YES;
				SWIFT_VERSION = 5.0;
				TARGETED_DEVICE_FAMILY = "1,2";
			};
			name = Release;
		};
/* End XCBuildConfiguration section */

/* Begin XCConfigurationList section */
		15D2CD572844CC37004306DB /* Build configuration list for PBXProject "Diploma" */ = {
			isa = XCConfigurationList;
			buildConfigurations = (
				15D2CD6E2844CC37004306DB /* Debug */,
				15D2CD6F2844CC37004306DB /* Release */,
			);
			defaultConfigurationIsVisible = 0;
			defaultConfigurationName = Release;
		};
		15D2CD702844CC37004306DB /* Build configuration list for PBXNativeTarget "Diploma" */ = {
			isa = XCConfigurationList;
			buildConfigurations = (
				15D2CD712844CC37004306DB /* Debug */,
				15D2CD722844CC37004306DB /* Release */,
			);
			defaultConfigurationIsVisible = 0;
			defaultConfigurationName = Release;
		};
/* End XCConfigurationList section */

/* Begin XCRemoteSwiftPackageReference section */
		15D2CD782844D24F004306DB /* XCRemoteSwiftPackageReference "firebase-ios-sdk" */ = {
			isa = XCRemoteSwiftPackageReference;
			repositoryURL = "https://github.com/firebase/firebase-ios-sdk";
			requirement = {
				kind = upToNextMajorVersion;
				minimumVersion = 9.0.0;
			};
		};
/* End XCRemoteSwiftPackageReference section */

/* Begin XCSwiftPackageProductDependency section */
		15D2CD792844D24F004306DB /* FirebaseAuth */ = {
			isa = XCSwiftPackageProductDependency;
			package = 15D2CD782844D24F004306DB /* XCRemoteSwiftPackageReference "firebase-ios-sdk" */;
			productName = FirebaseAuth;
		};
		15D2CD7B2844D24F004306DB /* FirebaseDatabase */ = {
			isa = XCSwiftPackageProductDependency;
			package = 15D2CD782844D24F004306DB /* XCRemoteSwiftPackageReference "firebase-ios-sdk" */;
			productName = FirebaseDatabase;
		};
/* End XCSwiftPackageProductDependency section */
	};
	rootObject = 15D2CD542844CC37004306DB /* Project object */;
}
